
Microsoft Visual Studio Solution File, Format Version 12.00
# Visual Studio Version 17
VisualStudioVersion = 17.0.32112.339
MinimumVisualStudioVersion = 10.0.40219.1
Project("{FAE04EC0-301F-11D3-BF4B-00C04F79EFBC}") = "Chapter5", "Chapter5\Chapter5.csproj", "{B98CF68B-3144-4370-BDAD-D3960C003D65}"
EndProject
Global
	GlobalSection(SolutionConfigurationPlatforms) = preSolution
		Debug|Any CPU = Debug|Any CPU
		Release|Any CPU = Release|Any CPU
	EndGlobalSection
	GlobalSection(ProjectConfigurationPlatforms) = postSolution
		{B98CF68B-3144-4370-BDAD-D3960C003D65}.Debug|Any CPU.ActiveCfg = Debug|Any CPU
		{B98CF68B-3144-4370-BDAD-D3960C003D65}.Debug|Any CPU.Build.0 = Debug|Any CPU
		{B98CF68B-3144-4370-BDAD-D3960C003D65}.Release|Any CPU.ActiveCfg = Release|Any CPU
		{B98CF68B-3144-4370-BDAD-D3960C003D65}.Release|Any CPU.Build.0 = Release|Any CPU
	EndGlobalSection
	GlobalSection(SolutionProperties) = preSolution
		HideSolutionNode = FALSE
	EndGlobalSection
	GlobalSection(ExtensibilityGlobals) = postSolution
		SolutionGuid = {09A69BDB-2E15-4211-A69E-56A5210D9E77}
	EndGlobalSection
EndGlobal
